
Microsoft Visual Studio Solution File, Format Version 12.00
# Visual Studio Version 16
VisualStudioVersion = 16.0.32106.194
MinimumVisualStudioVersion = 10.0.40219.1
Project("{FAE04EC0-301F-11D3-BF4B-00C04F79EFBC}") = "ToDo", "ToDo.csproj", "{C1955BFD-B4EC-4A1F-BD3F-C3D4470F3ECB}"
EndProject
Global
	GlobalSection(SolutionConfigurationPlatforms) = preSolution
		Debug|Any CPU = Debug|Any CPU
		Release|Any CPU = Release|Any CPU
	EndGlobalSection
	GlobalSection(ProjectConfigurationPlatforms) = postSolution
		{C1955BFD-B4EC-4A1F-BD3F-C3D4470F3ECB}.Debug|Any CPU.ActiveCfg = Debug|Any CPU
		{C1955BFD-B4EC-4A1F-BD3F-C3D4470F3ECB}.Debug|Any CPU.Build.0 = Debug|Any CPU
		{C1955BFD-B4EC-4A1F-BD3F-C3D4470F3ECB}.Release|Any CPU.ActiveCfg = Release|Any CPU
		{C1955BFD-B4EC-4A1F-BD3F-C3D4470F3ECB}.Release|Any CPU.Build.0 = Release|Any CPU
	EndGlobalSection
	GlobalSection(SolutionProperties) = preSolution
		HideSolutionNode = FALSE
	EndGlobalSection
	GlobalSection(ExtensibilityGlobals) = postSolution
		SolutionGuid = {DB9DB4FB-A34E-4E69-8C01-30D116A1EC5C}
	EndGlobalSection
EndGlobal
